# THIS IS AN AUTOGENERATED FILE. DO NOT EDIT THIS FILE DIRECTLY.
# yarn lockfile v1


"@tsconfig/node17@^1.0.0":
  version "1.0.0"
  resolved "https://registry.yarnpkg.com/@tsconfig/node17/-/node17-1.0.0.tgz#fd3fdf34a638b6fa3cd5814d2b5ce0db989a1138"
  integrity sha512-x997uADFXtCSiejsbXLMHs/ij26jiamPtN1Shyn54YCUaD5ZMobPgzqxCMTmhpjdUY9OgLGNYh5KjowgGXCV7w==

"@types/node@^17.0.23":
  version "17.0.23"
  resolved "https://registry.yarnpkg.com/@types/node/-/node-17.0.23.tgz#3b41a6e643589ac6442bdbd7a4a3ded62f33f7da"
  integrity sha512-UxDxWn7dl97rKVeVS61vErvw086aCYhDLyvRQZ5Rk65rZKepaFdm53GeqXaKBuOhED4e9uWq34IC3TdSdJJ2Gw==

typescript@^4.7.0-dev.20220406:
  version "4.7.0-dev.20220406"
  resolved "https://registry.yarnpkg.com/typescript/-/typescript-4.7.0-dev.20220406.tgz#35a98c3081491826343b01177f84ecf4018e656d"
  integrity sha512-keoDBX5MLMgonG42c2pBNMCMwRgxsEs2U7xKHDP0PmU76BzNuVgqR3JmwWwwFtTQJAeEGl7VN5GPYLehOvAz9w==
